
Microsoft Visual Studio Solution File, Format Version 12.00
# Visual Studio Version 16
VisualStudioVersion = 16.0.808.8
MinimumVisualStudioVersion = 10.0.40219.1
Project("{FAE04EC0-301F-11D3-BF4B-00C04F79EFBC}") = "lab5", "lab5\lab5.csproj", "{F8A810EF-0E1D-4433-829B-7ECC12ED6247}"
EndProject
Global
	GlobalSection(SolutionConfigurationPlatforms) = preSolution
		Debug|anycpu = Debug|anycpu
		Release|anycpu = Release|anycpu
	EndGlobalSection
	GlobalSection(ProjectConfigurationPlatforms) = postSolution
		{F8A810EF-0E1D-4433-829B-7ECC12ED6247}.Debug|anycpu.ActiveCfg = Debug|anycpu
		{F8A810EF-0E1D-4433-829B-7ECC12ED6247}.Debug|anycpu.Build.0 = Debug|anycpu
		{F8A810EF-0E1D-4433-829B-7ECC12ED6247}.Release|anycpu.ActiveCfg = Release|anycpu
		{F8A810EF-0E1D-4433-829B-7ECC12ED6247}.Release|anycpu.Build.0 = Release|anycpu
	EndGlobalSection
	GlobalSection(SolutionProperties) = preSolution
		HideSolutionNode = FALSE
	EndGlobalSection
	GlobalSection(ExtensibilityGlobals) = postSolution
		SolutionGuid = {6A97C6DF-A142-409E-A1D6-AADB3A63DA4F}
	EndGlobalSection
EndGlobal
