
Microsoft Visual Studio Solution File, Format Version 12.00
# Visual Studio Version 16
VisualStudioVersion = 16.0.31205.134
MinimumVisualStudioVersion = 10.0.40219.1
Project("{FAE04EC0-301F-11D3-BF4B-00C04F79EFBC}") = "Lab4_1", "Lab4_1\Lab4_1.csproj", "{1698D7CB-3490-4008-BB9E-865D2495A3C8}"
EndProject
Global
	GlobalSection(SolutionConfigurationPlatforms) = preSolution
		Debug|Any CPU = Debug|Any CPU
		Release|Any CPU = Release|Any CPU
	EndGlobalSection
	GlobalSection(ProjectConfigurationPlatforms) = postSolution
		{1698D7CB-3490-4008-BB9E-865D2495A3C8}.Debug|Any CPU.ActiveCfg = Debug|Any CPU
		{1698D7CB-3490-4008-BB9E-865D2495A3C8}.Debug|Any CPU.Build.0 = Debug|Any CPU
		{1698D7CB-3490-4008-BB9E-865D2495A3C8}.Release|Any CPU.ActiveCfg = Release|Any CPU
		{1698D7CB-3490-4008-BB9E-865D2495A3C8}.Release|Any CPU.Build.0 = Release|Any CPU
	EndGlobalSection
	GlobalSection(SolutionProperties) = preSolution
		HideSolutionNode = FALSE
	EndGlobalSection
	GlobalSection(ExtensibilityGlobals) = postSolution
		SolutionGuid = {047834E6-4DE9-4EA1-B41B-535DD6BA21D3}
	EndGlobalSection
EndGlobal
